// !$*UTF8*$!
{
	archiveVersion = 1;
	classes = {
	};
	objectVersion = 46;
	objects = {

/* Begin PBXBuildFile section */
		271FC0F91BC71ACF00C195C9 /* main.m in Sources */ = {isa = PBXBuildFile; fileRef = 271FC0F81BC71ACF00C195C9 /* main.m */; };
		271FC0FC1BC71ACF00C195C9 /* AppDelegate.m in Sources */ = {isa = PBXBuildFile; fileRef = 271FC0FB1BC71ACF00C195C9 /* AppDelegate.m */; };
		271FC1021BC71ACF00C195C9 /* Main.storyboard in Resources */ = {isa = PBXBuildFile; fileRef = 271FC1001BC71ACF00C195C9 /* Main.storyboard */; };
		271FC1041BC71ACF00C195C9 /* Assets.xcassets in Resources */ = {isa = PBXBuildFile; fileRef = 271FC1031BC71ACF00C195C9 /* Assets.xcassets */; };
		271FC1071BC71ACF00C195C9 /* LaunchScreen.storyboard in Resources */ = {isa = PBXBuildFile; fileRef = 271FC1051BC71ACF00C195C9 /* LaunchScreen.storyboard */; };
		271FC1121BC71ACF00C195C9 /* RssReaderTests.m in Sources */ = {isa = PBXBuildFile; fileRef = 271FC1111BC71ACF00C195C9 /* RssReaderTests.m */; };
		271FC11D1BC71ACF00C195C9 /* RssReaderUITests.m in Sources */ = {isa = PBXBuildFile; fileRef = 271FC11C1BC71ACF00C195C9 /* RssReaderUITests.m */; };
		271FC12C1BC71C4200C195C9 /* RssReaderTableViewController.m in Sources */ = {isa = PBXBuildFile; fileRef = 271FC12B1BC71C4200C195C9 /* RssReaderTableViewController.m */; settings = {ASSET_TAGS = (); }; };
		572AB43A1BC9BE68000E775A /* WebPageViewController.m in Sources */ = {isa = PBXBuildFile; fileRef = 572AB4391BC9BE68000E775A /* WebPageViewController.m */; settings = {ASSET_TAGS = (); }; };
		572AB43D1BC9C51C000E775A /* RssItem.m in Sources */ = {isa = PBXBuildFile; fileRef = 572AB43C1BC9C51C000E775A /* RssItem.m */; settings = {ASSET_TAGS = (); }; };
/* End PBXBuildFile section */

/* Begin PBXContainerItemProxy section */
		271FC10E1BC71ACF00C195C9 /* PBXContainerItemProxy */ = {
			isa = PBXContainerItemProxy;
			containerPortal = 271FC0EC1BC71ACE00C195C9 /* Project object */;
			proxyType = 1;
			remoteGlobalIDString = 271FC0F31BC71ACF00C195C9;
			remoteInfo = RssReader;
		};
		271FC1191BC71ACF00C195C9 /* PBXContainerItemProxy */ = {
			isa = PBXContainerItemProxy;
			containerPortal = 271FC0EC1BC71ACE00C195C9 /* Project object */;
			proxyType = 1;
			remoteGlobalIDString = 271FC0F31BC71ACF00C195C9;
			remoteInfo = RssReader;
		};
/* End PBXContainerItemProxy section */

/* Begin PBXFileReference section */
		271FC0F41BC71ACF00C195C9 /* RssReader.app */ = {isa = PBXFileReference; explicitFileType = wrapper.application; includeInIndex = 0; path = RssReader.app; sourceTree = BUILT_PRODUCTS_DIR; };
		271FC0F81BC71ACF00C195C9 /* main.m */ = {isa = PBXFileReference; lastKnownFileType = sourcecode.c.objc; path = main.m; sourceTree = "<group>"; };
		271FC0FA1BC71ACF00C195C9 /* AppDelegate.h */ = {isa = PBXFileReference; lastKnownFileType = sourcecode.c.h; path = AppDelegate.h; sourceTree = "<group>"; };
		271FC0FB1BC71ACF00C195C9 /* AppDelegate.m */ = {isa = PBXFileReference; lastKnownFileType = sourcecode.c.objc; path = AppDelegate.m; sourceTree = "<group>"; };
		271FC1011BC71ACF00C195C9 /* Base */ = {isa = PBXFileReference; lastKnownFileType = file.storyboard; name = Base; path = Base.lproj/Main.storyboard; sourceTree = "<group>"; };
		271FC1031BC71ACF00C195C9 /* Assets.xcassets */ = {isa = PBXFileReference; lastKnownFileType = folder.assetcatalog; path = Assets.xcassets; sourceTree = "<group>"; };
		271FC1061BC71ACF00C195C9 /* Base */ = {isa = PBXFileReference; lastKnownFileType = file.storyboard; name = Base; path = Base.lproj/LaunchScreen.storyboard; sourceTree = "<group>"; };
		271FC1081BC71ACF00C195C9 /* Info.plist */ = {isa = PBXFileReference; lastKnownFileType = text.plist.xml; path = Info.plist; sourceTree = "<group>"; };
		271FC10D1BC71ACF00C195C9 /* RssReaderTests.xctest */ = {isa = PBXFileReference; explicitFileType = wrapper.cfbundle; includeInIndex = 0; path = RssReaderTests.xctest; sourceTree = BUILT_PRODUCTS_DIR; };
		271FC1111BC71ACF00C195C9 /* RssReaderTests.m */ = {isa = PBXFileReference; lastKnownFileType = sourcecode.c.objc; path = RssReaderTests.m; sourceTree = "<group>"; };
		271FC1131BC71ACF00C195C9 /* Info.plist */ = {isa = PBXFileReference; lastKnownFileType = text.plist.xml; path = Info.plist; sourceTree = "<group>"; };
		271FC1181BC71ACF00C195C9 /* RssReaderUITests.xctest */ = {isa = PBXFileReference; explicitFileType = wrapper.cfbundle; includeInIndex = 0; path = RssReaderUITests.xctest; sourceTree = BUILT_PRODUCTS_DIR; };
		271FC11C1BC71ACF00C195C9 /* RssReaderUITests.m */ = {isa = PBXFileReference; lastKnownFileType = sourcecode.c.objc; path = RssReaderUITests.m; sourceTree = "<group>"; };
		271FC11E1BC71ACF00C195C9 /* Info.plist */ = {isa = PBXFileReference; lastKnownFileType = text.plist.xml; path = Info.plist; sourceTree = "<group>"; };
		271FC12A1BC71C4200C195C9 /* RssReaderTableViewController.h */ = {isa = PBXFileReference; fileEncoding = 4; lastKnownFileType = sourcecode.c.h; path = RssReaderTableViewController.h; sourceTree = "<group>"; };
		271FC12B1BC71C4200C195C9 /* RssReaderTableViewController.m */ = {isa = PBXFileReference; fileEncoding = 4; lastKnownFileType = sourcecode.c.objc; path = RssReaderTableViewController.m; sourceTree = "<group>"; };
		572AB4381BC9BE68000E775A /* WebPageViewController.h */ = {isa = PBXFileReference; fileEncoding = 4; lastKnownFileType = sourcecode.c.h; path = WebPageViewController.h; sourceTree = "<group>"; };
		572AB4391BC9BE68000E775A /* WebPageViewController.m */ = {isa = PBXFileReference; fileEncoding = 4; lastKnownFileType = sourcecode.c.objc; path = WebPageViewController.m; sourceTree = "<group>"; };
		572AB43B1BC9C51C000E775A /* RssItem.h */ = {isa = PBXFileReference; fileEncoding = 4; lastKnownFileType = sourcecode.c.h; path = RssItem.h; sourceTree = "<group>"; };
		572AB43C1BC9C51C000E775A /* RssItem.m */ = {isa = PBXFileReference; fileEncoding = 4; lastKnownFileType = sourcecode.c.objc; path = RssItem.m; sourceTree = "<group>"; };
/* End PBXFileReference section */

/* Begin PBXFrameworksBuildPhase section */
		271FC0F11BC71ACF00C195C9 /* Frameworks */ = {
			isa = PBXFrameworksBuildPhase;
			buildActionMask = 2147483647;
			files = (
			);
			runOnlyForDeploymentPostprocessing = 0;
		};
		271FC10A1BC71ACF00C195C9 /* Frameworks */ = {
			isa = PBXFrameworksBuildPhase;
			buildActionMask = 2147483647;
			files = (
			);
			runOnlyForDeploymentPostprocessing = 0;
		};
		271FC1151BC71ACF00C195C9 /* Frameworks */ = {
			isa = PBXFrameworksBuildPhase;
			buildActionMask = 2147483647;
			files = (
			);
			runOnlyForDeploymentPostprocessing = 0;
		};
/* End PBXFrameworksBuildPhase section */

/* Begin PBXGroup section */
		271FC0EB1BC71ACE00C195C9 = {
			isa = PBXGroup;
			children = (
				271FC0F61BC71ACF00C195C9 /* RssReader */,
				271FC1101BC71ACF00C195C9 /* RssReaderTests */,
				271FC11B1BC71ACF00C195C9 /* RssReaderUITests */,
				271FC0F51BC71ACF00C195C9 /* Products */,
			);
			sourceTree = "<group>";
		};
		271FC0F51BC71ACF00C195C9 /* Products */ = {
			isa = PBXGroup;
			children = (
				271FC0F41BC71ACF00C195C9 /* RssReader.app */,
				271FC10D1BC71ACF00C195C9 /* RssReaderTests.xctest */,
				271FC1181BC71ACF00C195C9 /* RssReaderUITests.xctest */,
			);
			name = Products;
			sourceTree = "<group>";
		};
		271FC0F61BC71ACF00C195C9 /* RssReader */ = {
			isa = PBXGroup;
			children = (
				271FC0FA1BC71ACF00C195C9 /* AppDelegate.h */,
				271FC0FB1BC71ACF00C195C9 /* AppDelegate.m */,
				271FC1001BC71ACF00C195C9 /* Main.storyboard */,
				271FC1031BC71ACF00C195C9 /* Assets.xcassets */,
				271FC1051BC71ACF00C195C9 /* LaunchScreen.storyboard */,
				271FC1081BC71ACF00C195C9 /* Info.plist */,
				271FC0F71BC71ACF00C195C9 /* Supporting Files */,
				271FC12A1BC71C4200C195C9 /* RssReaderTableViewController.h */,
				271FC12B1BC71C4200C195C9 /* RssReaderTableViewController.m */,
				572AB4381BC9BE68000E775A /* WebPageViewController.h */,
				572AB4391BC9BE68000E775A /* WebPageViewController.m */,
				572AB43B1BC9C51C000E775A /* RssItem.h */,
				572AB43C1BC9C51C000E775A /* RssItem.m */,
			);
			path = RssReader;
			sourceTree = "<group>";
		};
		271FC0F71BC71ACF00C195C9 /* Supporting Files */ = {
			isa = PBXGroup;
			children = (
				271FC0F81BC71ACF00C195C9 /* main.m */,
			);
			name = "Supporting Files";
			sourceTree = "<group>";
		};
		271FC1101BC71ACF00C195C9 /* RssReaderTests */ = {
			isa = PBXGroup;
			children = (
				271FC1111BC71ACF00C195C9 /* RssReaderTests.m */,
				271FC1131BC71ACF00C195C9 /* Info.plist */,
			);
			path = RssReaderTests;
			sourceTree = "<group>";
		};
		271FC11B1BC71ACF00C195C9 /* RssReaderUITests */ = {
			isa = PBXGroup;
			children = (
				271FC11C1BC71ACF00C195C9 /* RssReaderUITests.m */,
				271FC11E1BC71ACF00C195C9 /* Info.plist */,
			);
			path = RssReaderUITests;
			sourceTree = "<group>";
		};
/* End PBXGroup section */

/* Begin PBXNativeTarget section */
		271FC0F31BC71ACF00C195C9 /* RssReader */ = {
			isa = PBXNativeTarget;
			buildConfigurationList = 271FC1211BC71ACF00C195C9 /* Build configuration list for PBXNativeTarget "RssReader" */;
			buildPhases = (
				271FC0F01BC71ACF00C195C9 /* Sources */,
				271FC0F11BC71ACF00C195C9 /* Frameworks */,
				271FC0F21BC71ACF00C195C9 /* Resources */,
			);
			buildRules = (
			);
			dependencies = (
			);
			name = RssReader;
			productName = RssReader;
			productReference = 271FC0F41BC71ACF00C195C9 /* RssReader.app */;
			productType = "com.apple.product-type.application";
		};
		271FC10C1BC71ACF00C195C9 /* RssReaderTests */ = {
			isa = PBXNativeTarget;
			buildConfigurationList = 271FC1241BC71ACF00C195C9 /* Build configuration list for PBXNativeTarget "RssReaderTests" */;
			buildPhases = (
				271FC1091BC71ACF00C195C9 /* Sources */,
				271FC10A1BC71ACF00C195C9 /* Frameworks */,
				271FC10B1BC71ACF00C195C9 /* Resources */,
			);
			buildRules = (
			);
			dependencies = (
				271FC10F1BC71ACF00C195C9 /* PBXTargetDependency */,
			);
			name = RssReaderTests;
			productName = RssReaderTests;
			productReference = 271FC10D1BC71ACF00C195C9 /* RssReaderTests.xctest */;
			productType = "com.apple.product-type.bundle.unit-test";
		};
		271FC1171BC71ACF00C195C9 /* RssReaderUITests */ = {
			isa = PBXNativeTarget;
			buildConfigurationList = 271FC1271BC71ACF00C195C9 /* Build configuration list for PBXNativeTarget "RssReaderUITests" */;
			buildPhases = (
				271FC1141BC71ACF00C195C9 /* Sources */,
				271FC1151BC71ACF00C195C9 /* Frameworks */,
				271FC1161BC71ACF00C195C9 /* Resources */,
			);
			buildRules = (
			);
			dependencies = (
				271FC11A1BC71ACF00C195C9 /* PBXTargetDependency */,
			);
			name = RssReaderUITests;
			productName = RssReaderUITests;
			productReference = 271FC1181BC71ACF00C195C9 /* RssReaderUITests.xctest */;
			productType = "com.apple.product-type.bundle.ui-testing";
		};
/* End PBXNativeTarget section */

/* Begin PBXProject section */
		271FC0EC1BC71ACE00C195C9 /* Project object */ = {
			isa = PBXProject;
			attributes = {
				LastUpgradeCheck = 0700;
				ORGANIZATIONNAME = "Michael Metzger ";
				TargetAttributes = {
					271FC0F31BC71ACF00C195C9 = {
						CreatedOnToolsVersion = 7.0.1;
					};
					271FC10C1BC71ACF00C195C9 = {
						CreatedOnToolsVersion = 7.0.1;
						TestTargetID = 271FC0F31BC71ACF00C195C9;
					};
					271FC1171BC71ACF00C195C9 = {
						CreatedOnToolsVersion = 7.0.1;
						TestTargetID = 271FC0F31BC71ACF00C195C9;
					};
				};
			};
			buildConfigurationList = 271FC0EF1BC71ACE00C195C9 /* Build configuration list for PBXProject "RssReader" */;
			compatibilityVersion = "Xcode 3.2";
			developmentRegion = English;
			hasScannedForEncodings = 0;
			knownRegions = (
				en,
				Base,
			);
			mainGroup = 271FC0EB1BC71ACE00C195C9;
			productRefGroup = 271FC0F51BC71ACF00C195C9 /* Products */;
			projectDirPath = "";
			projectRoot = "";
			targets = (
				271FC0F31BC71ACF00C195C9 /* RssReader */,
				271FC10C1BC71ACF00C195C9 /* RssReaderTests */,
				271FC1171BC71ACF00C195C9 /* RssReaderUITests */,
			);
		};
/* End PBXProject section */

/* Begin PBXResourcesBuildPhase section */
		271FC0F21BC71ACF00C195C9 /* Resources */ = {
			isa = PBXResourcesBuildPhase;
			buildActionMask = 2147483647;
			files = (
				271FC1071BC71ACF00C195C9 /* LaunchScreen.storyboard in Resources */,
				271FC1041BC71ACF00C195C9 /* Assets.xcassets in Resources */,
				271FC1021BC71ACF00C195C9 /* Main.storyboard in Resources */,
			);
			runOnlyForDeploymentPostprocessing = 0;
		};
		271FC10B1BC71ACF00C195C9 /* Resources */ = {
			isa = PBXResourcesBuildPhase;
			buildActionMask = 2147483647;
			files = (
			);
			runOnlyForDeploymentPostprocessing = 0;
		};
		271FC1161BC71ACF00C195C9 /* Resources */ = {
			isa = PBXResourcesBuildPhase;
			buildActionMask = 2147483647;
			files = (
			);
			runOnlyForDeploymentPostprocessing = 0;
		};
/* End PBXResourcesBuildPhase section */

/* Begin PBXSourcesBuildPhase section */
		271FC0F01BC71ACF00C195C9 /* Sources */ = {
			isa = PBXSourcesBuildPhase;
			buildActionMask = 2147483647;
			files = (
				572AB43A1BC9BE68000E775A /* WebPageViewController.m in Sources */,
				572AB43D1BC9C51C000E775A /* RssItem.m in Sources */,
				271FC0FC1BC71ACF00C195C9 /* AppDelegate.m in Sources */,
				271FC0F91BC71ACF00C195C9 /* main.m in Sources */,
				271FC12C1BC71C4200C195C9 /* RssReaderTableViewController.m in Sources */,
			);
			runOnlyForDeploymentPostprocessing = 0;
		};
		271FC1091BC71ACF00C195C9 /* Sources */ = {
			isa = PBXSourcesBuildPhase;
			buildActionMask = 2147483647;
			files = (
				271FC1121BC71ACF00C195C9 /* RssReaderTests.m in Sources */,
			);
			runOnlyForDeploymentPostprocessing = 0;
		};
		271FC1141BC71ACF00C195C9 /* Sources */ = {
			isa = PBXSourcesBuildPhase;
			buildActionMask = 2147483647;
			files = (
				271FC11D1BC71ACF00C195C9 /* RssReaderUITests.m in Sources */,
			);
			runOnlyForDeploymentPostprocessing = 0;
		};
/* End PBXSourcesBuildPhase section */

/* Begin PBXTargetDependency section */
		271FC10F1BC71ACF00C195C9 /* PBXTargetDependency */ = {
			isa = PBXTargetDependency;
			target = 271FC0F31BC71ACF00C195C9 /* RssReader */;
			targetProxy = 271FC10E1BC71ACF00C195C9 /* PBXContainerItemProxy */;
		};
		271FC11A1BC71ACF00C195C9 /* PBXTargetDependency */ = {
			isa = PBXTargetDependency;
			target = 271FC0F31BC71ACF00C195C9 /* RssReader */;
			targetProxy = 271FC1191BC71ACF00C195C9 /* PBXContainerItemProxy */;
		};
/* End PBXTargetDependency section */

/* Begin PBXVariantGroup section */
		271FC1001BC71ACF00C195C9 /* Main.storyboard */ = {
			isa = PBXVariantGroup;
			children = (
				271FC1011BC71ACF00C195C9 /* Base */,
			);
			name = Main.storyboard;
			sourceTree = "<group>";
		};
		271FC1051BC71ACF00C195C9 /* LaunchScreen.storyboard */ = {
			isa = PBXVariantGroup;
			children = (
				271FC1061BC71ACF00C195C9 /* Base */,
			);
			name = LaunchScreen.storyboard;
			sourceTree = "<group>";
		};
/* End PBXVariantGroup section */

/* Begin XCBuildConfiguration section */
		271FC11F1BC71ACF00C195C9 /* Debug */ = {
			isa = XCBuildConfiguration;
			buildSettings = {
				ALWAYS_SEARCH_USER_PATHS = NO;
				CLANG_CXX_LANGUAGE_STANDARD = "gnu++0x";
				CLANG_CXX_LIBRARY = "libc++";
				CLANG_ENABLE_MODULES = YES;
				CLANG_ENABLE_OBJC_ARC = YES;
				CLANG_WARN_BOOL_CONVERSION = YES;
				CLANG_WARN_CONSTANT_CONVERSION = YES;
				CLANG_WARN_DIRECT_OBJC_ISA_USAGE = YES_ERROR;
				CLANG_WARN_EMPTY_BODY = YES;
				CLANG_WARN_ENUM_CONVERSION = YES;
				CLANG_WARN_INT_CONVERSION = YES;
				CLANG_WARN_OBJC_ROOT_CLASS = YES_ERROR;
				CLANG_WARN_UNREACHABLE_CODE = YES;
				CLANG_WARN__DUPLICATE_METHOD_MATCH = YES;
				"CODE_SIGN_IDENTITY[sdk=iphoneos*]" = "iPhone Developer";
				COPY_PHASE_STRIP = NO;
				DEBUG_INFORMATION_FORMAT = dwarf;
				ENABLE_STRICT_OBJC_MSGSEND = YES;
				ENABLE_TESTABILITY = YES;
				GCC_C_LANGUAGE_STANDARD = gnu99;
				GCC_DYNAMIC_NO_PIC = NO;
				GCC_NO_COMMON_BLOCKS = YES;
				GCC_OPTIMIZATION_LEVEL = 0;
				GCC_PREPROCESSOR_DEFINITIONS = (
					"DEBUG=1",
					"$(inherited)",
				);
				GCC_WARN_64_TO_32_BIT_CONVERSION = YES;
				GCC_WARN_ABOUT_RETURN_TYPE = YES_ERROR;
				GCC_WARN_UNDECLARED_SELECTOR = YES;
				GCC_WARN_UNINITIALIZED_AUTOS = YES_AGGRESSIVE;
				GCC_WARN_UNUSED_FUNCTION = YES;
				GCC_WARN_UNUSED_VARIABLE = YES;
				IPHONEOS_DEPLOYMENT_TARGET = 9.0;
				MTL_ENABLE_DEBUG_INFO = YES;
				ONLY_ACTIVE_ARCH = YES;
				SDKROOT = iphoneos;
			};
			name = Debug;
		};
		271FC1201BC71ACF00C195C9 /* Release */ = {
			isa = XCBuildConfiguration;
			buildSettings = {
				ALWAYS_SEARCH_USER_PATHS = NO;
				CLANG_CXX_LANGUAGE_STANDARD = "gnu++0x";
				CLANG_CXX_LIBRARY = "libc++";
				CLANG_ENABLE_MODULES = YES;
				CLANG_ENABLE_OBJC_ARC = YES;
				CLANG_WARN_BOOL_CONVERSION = YES;
				CLANG_WARN_CONSTANT_CONVERSION = YES;
				CLANG_WARN_DIRECT_OBJC_ISA_USAGE = YES_ERROR;
				CLANG_WARN_EMPTY_BODY = YES;
				CLANG_WARN_ENUM_CONVERSION = YES;
				CLANG_WARN_INT_CONVERSION = YES;
				CLANG_WARN_OBJC_ROOT_CLASS = YES_ERROR;
				CLANG_WARN_UNREACHABLE_CODE = YES;
				CLANG_WARN__DUPLICATE_METHOD_MATCH = YES;
				"CODE_SIGN_IDENTITY[sdk=iphoneos*]" = "iPhone Developer";
				COPY_PHASE_STRIP = NO;
				DEBUG_INFORMATION_FORMAT = "dwarf-with-dsym";
				ENABLE_NS_ASSERTIONS = NO;
				ENABLE_STRICT_OBJC_MSGSEND = YES;
				GCC_C_LANGUAGE_STANDARD = gnu99;
				GCC_NO_COMMON_BLOCKS = YES;
				GCC_WARN_64_TO_32_BIT_CONVERSION = YES;
				GCC_WARN_ABOUT_RETURN_TYPE = YES_ERROR;
				GCC_WARN_UNDECLARED_SELECTOR = YES;
				GCC_WARN_UNINITIALIZED_AUTOS = YES_AGGRESSIVE;
				GCC_WARN_UNUSED_FUNCTION = YES;
				GCC_WARN_UNUSED_VARIABLE = YES;
				IPHONEOS_DEPLOYMENT_TARGET = 9.0;
				MTL_ENABLE_DEBUG_INFO = NO;
				SDKROOT = iphoneos;
				VALIDATE_PRODUCT = YES;
			};
			name = Release;
		};
		271FC1221BC71ACF00C195C9 /* Debug */ = {
			isa = XCBuildConfiguration;
			buildSettings = {
				ASSETCATALOG_COMPILER_APPICON_NAME = AppIcon;
				INFOPLIST_FILE = RssReader/Info.plist;
				LD_RUNPATH_SEARCH_PATHS = "$(inherited) @executable_path/Frameworks";
				PRODUCT_BUNDLE_IDENTIFIER = com.metzger.RssReader;
				PRODUCT_NAME = "$(TARGET_NAME)";
			};
			name = Debug;
		};
		271FC1231BC71ACF00C195C9 /* Release */ = {
			isa = XCBuildConfiguration;
			buildSettings = {
				ASSETCATALOG_COMPILER_APPICON_NAME = AppIcon;
				INFOPLIST_FILE = RssReader/Info.plist;
				LD_RUNPATH_SEARCH_PATHS = "$(inherited) @executable_path/Frameworks";
				PRODUCT_BUNDLE_IDENTIFIER = com.metzger.RssReader;
				PRODUCT_NAME = "$(TARGET_NAME)";
			};
			name = Release;
		};
		271FC1251BC71ACF00C195C9 /* Debug */ = {
			isa = XCBuildConfiguration;
			buildSettings = {
				BUNDLE_LOADER = "$(TEST_HOST)";
				INFOPLIST_FILE = RssReaderTests/Info.plist;
				LD_RUNPATH_SEARCH_PATHS = "$(inherited) @executable_path/Frameworks @loader_path/Frameworks";
				PRODUCT_BUNDLE_IDENTIFIER = com.metzger.RssReaderTests;
				PRODUCT_NAME = "$(TARGET_NAME)";
				TEST_HOST = "$(BUILT_PRODUCTS_DIR)/RssReader.app/RssReader";
			};
			name = Debug;
		};
		271FC1261BC71ACF00C195C9 /* Release */ = {
			isa = XCBuildConfiguration;
			buildSettings = {
				BUNDLE_LOADER = "$(TEST_HOST)";
				INFOPLIST_FILE = RssReaderTests/Info.plist;
				LD_RUNPATH_SEARCH_PATHS = "$(inherited) @executable_path/Frameworks @loader_path/Frameworks";
				PRODUCT_BUNDLE_IDENTIFIER = com.metzger.RssReaderTests;
				PRODUCT_NAME = "$(TARGET_NAME)";
				TEST_HOST = "$(BUILT_PRODUCTS_DIR)/RssReader.app/RssReader";
			};
			name = Release;
		};
		271FC1281BC71ACF00C195C9 /* Debug */ = {
			isa = XCBuildConfiguration;
			buildSettings = {
				INFOPLIST_FILE = RssReaderUITests/Info.plist;
				LD_RUNPATH_SEARCH_PATHS = "$(inherited) @executable_path/Frameworks @loader_path/Frameworks";
				PRODUCT_BUNDLE_IDENTIFIER = com.metzger.RssReaderUITests;
				PRODUCT_NAME = "$(TARGET_NAME)";
				TEST_TARGET_NAME = RssReader;
				USES_XCTRUNNER = YES;
			};
			name = Debug;
		};
		271FC1291BC71ACF00C195C9 /* Release */ = {
			isa = XCBuildConfiguration;
			buildSettings = {
				INFOPLIST_FILE = RssReaderUITests/Info.plist;
				LD_RUNPATH_SEARCH_PATHS = "$(inherited) @executable_path/Frameworks @loader_path/Frameworks";
				PRODUCT_BUNDLE_IDENTIFIER = com.metzger.RssReaderUITests;
				PRODUCT_NAME = "$(TARGET_NAME)";
				TEST_TARGET_NAME = RssReader;
				USES_XCTRUNNER = YES;
			};
			name = Release;
		};
/* End XCBuildConfiguration section */

/* Begin XCConfigurationList section */
		271FC0EF1BC71ACE00C195C9 /* Build configuration list for PBXProject "RssReader" */ = {
			isa = XCConfigurationList;
			buildConfigurations = (
				271FC11F1BC71ACF00C195C9 /* Debug */,
				271FC1201BC71ACF00C195C9 /* Release */,
			);
			defaultConfigurationIsVisible = 0;
			defaultConfigurationName = Release;
		};
		271FC1211BC71ACF00C195C9 /* Build configuration list for PBXNativeTarget "RssReader" */ = {
			isa = XCConfigurationList;
			buildConfigurations = (
				271FC1221BC71ACF00C195C9 /* Debug */,
				271FC1231BC71ACF00C195C9 /* Release */,
			);
			defaultConfigurationIsVisible = 0;
			defaultConfigurationName = Release;
		};
		271FC1241BC71ACF00C195C9 /* Build configuration list for PBXNativeTarget "RssReaderTests" */ = {
			isa = XCConfigurationList;
			buildConfigurations = (
				271FC1251BC71ACF00C195C9 /* Debug */,
				271FC1261BC71ACF00C195C9 /* Release */,
			);
			defaultConfigurationIsVisible = 0;
			defaultConfigurationName = Release;
		};
		271FC1271BC71ACF00C195C9 /* Build configuration list for PBXNativeTarget "RssReaderUITests" */ = {
			isa = XCConfigurationList;
			buildConfigurations = (
				271FC1281BC71ACF00C195C9 /* Debug */,
				271FC1291BC71ACF00C195C9 /* Release */,
			);
			defaultConfigurationIsVisible = 0;
			defaultConfigurationName = Release;
		};
/* End XCConfigurationList section */
	};
	rootObject = 271FC0EC1BC71ACE00C195C9 /* Project object */;
}
