// !$*UTF8*$!
{
	archiveVersion = 1;
	classes = {
	};
	objectVersion = 46;
	objects = {

/* Begin PBXBuildFile section */
		5735DCB41B824B820045A5BE /* main.m in Sources */ = {isa = PBXBuildFile; fileRef = 5735DCB31B824B820045A5BE /* main.m */; };
		5735DCBC1B8261D40045A5BE /* DictionaryMaker.m in Sources */ = {isa = PBXBuildFile; fileRef = 5735DCBB1B8261D40045A5BE /* DictionaryMaker.m */; };
/* End PBXBuildFile section */

/* Begin PBXCopyFilesBuildPhase section */
		5735DCAE1B824B820045A5BE /* CopyFiles */ = {
			isa = PBXCopyFilesBuildPhase;
			buildActionMask = 2147483647;
			dstPath = /usr/share/man/man1/;
			dstSubfolderSpec = 0;
			files = (
			);
			runOnlyForDeploymentPostprocessing = 1;
		};
/* End PBXCopyFilesBuildPhase section */

/* Begin PBXFileReference section */
		5735DCB01B824B820045A5BE /* QuestionThree */ = {isa = PBXFileReference; explicitFileType = "compiled.mach-o.executable"; includeInIndex = 0; path = QuestionThree; sourceTree = BUILT_PRODUCTS_DIR; };
		5735DCB31B824B820045A5BE /* main.m */ = {isa = PBXFileReference; lastKnownFileType = sourcecode.c.objc; path = main.m; sourceTree = "<group>"; };
		5735DCBA1B8261D40045A5BE /* DictionaryMaker.h */ = {isa = PBXFileReference; fileEncoding = 4; lastKnownFileType = sourcecode.c.h; path = DictionaryMaker.h; sourceTree = "<group>"; };
		5735DCBB1B8261D40045A5BE /* DictionaryMaker.m */ = {isa = PBXFileReference; fileEncoding = 4; lastKnownFileType = sourcecode.c.objc; path = DictionaryMaker.m; sourceTree = "<group>"; };
/* End PBXFileReference section */

/* Begin PBXFrameworksBuildPhase section */
		5735DCAD1B824B820045A5BE /* Frameworks */ = {
			isa = PBXFrameworksBuildPhase;
			buildActionMask = 2147483647;
			files = (
			);
			runOnlyForDeploymentPostprocessing = 0;
		};
/* End PBXFrameworksBuildPhase section */

/* Begin PBXGroup section */
		5735DCA71B824B820045A5BE = {
			isa = PBXGroup;
			children = (
				5735DCB21B824B820045A5BE /* QuestionThree */,
				5735DCB11B824B820045A5BE /* Products */,
			);
			sourceTree = "<group>";
		};
		5735DCB11B824B820045A5BE /* Products */ = {
			isa = PBXGroup;
			children = (
				5735DCB01B824B820045A5BE /* QuestionThree */,
			);
			name = Products;
			sourceTree = "<group>";
		};
		5735DCB21B824B820045A5BE /* QuestionThree */ = {
			isa = PBXGroup;
			children = (
				5735DCB31B824B820045A5BE /* main.m */,
				5735DCBA1B8261D40045A5BE /* DictionaryMaker.h */,
				5735DCBB1B8261D40045A5BE /* DictionaryMaker.m */,
			);
			path = QuestionThree;
			sourceTree = "<group>";
		};
/* End PBXGroup section */

/* Begin PBXNativeTarget section */
		5735DCAF1B824B820045A5BE /* QuestionThree */ = {
			isa = PBXNativeTarget;
			buildConfigurationList = 5735DCB71B824B820045A5BE /* Build configuration list for PBXNativeTarget "QuestionThree" */;
			buildPhases = (
				5735DCAC1B824B820045A5BE /* Sources */,
				5735DCAD1B824B820045A5BE /* Frameworks */,
				5735DCAE1B824B820045A5BE /* CopyFiles */,
			);
			buildRules = (
			);
			dependencies = (
			);
			name = QuestionThree;
			productName = QuestionThree;
			productReference = 5735DCB01B824B820045A5BE /* QuestionThree */;
			productType = "com.apple.product-type.tool";
		};
/* End PBXNativeTarget section */

/* Begin PBXProject section */
		5735DCA81B824B820045A5BE /* Project object */ = {
			isa = PBXProject;
			attributes = {
				LastUpgradeCheck = 0640;
				ORGANIZATIONNAME = Mike;
				TargetAttributes = {
					5735DCAF1B824B820045A5BE = {
						CreatedOnToolsVersion = 6.4;
					};
				};
			};
			buildConfigurationList = 5735DCAB1B824B820045A5BE /* Build configuration list for PBXProject "QuestionThree" */;
			compatibilityVersion = "Xcode 3.2";
			developmentRegion = English;
			hasScannedForEncodings = 0;
			knownRegions = (
				en,
			);
			mainGroup = 5735DCA71B824B820045A5BE;
			productRefGroup = 5735DCB11B824B820045A5BE /* Products */;
			projectDirPath = "";
			projectRoot = "";
			targets = (
				5735DCAF1B824B820045A5BE /* QuestionThree */,
			);
		};
/* End PBXProject section */

/* Begin PBXSourcesBuildPhase section */
		5735DCAC1B824B820045A5BE /* Sources */ = {
			isa = PBXSourcesBuildPhase;
			buildActionMask = 2147483647;
			files = (
				5735DCBC1B8261D40045A5BE /* DictionaryMaker.m in Sources */,
				5735DCB41B824B820045A5BE /* main.m in Sources */,
			);
			runOnlyForDeploymentPostprocessing = 0;
		};
/* End PBXSourcesBuildPhase section */

/* Begin XCBuildConfiguration section */
		5735DCB51B824B820045A5BE /* Debug */ = {
			isa = XCBuildConfiguration;
			buildSettings = {
				ALWAYS_SEARCH_USER_PATHS = NO;
				CLANG_CXX_LANGUAGE_STANDARD = "gnu++0x";
				CLANG_CXX_LIBRARY = "libc++";
				CLANG_ENABLE_MODULES = YES;
				CLANG_ENABLE_OBJC_ARC = YES;
				CLANG_WARN_BOOL_CONVERSION = YES;
				CLANG_WARN_CONSTANT_CONVERSION = YES;
				CLANG_WARN_DIRECT_OBJC_ISA_USAGE = YES_ERROR;
				CLANG_WARN_EMPTY_BODY = YES;
				CLANG_WARN_ENUM_CONVERSION = YES;
				CLANG_WARN_INT_CONVERSION = YES;
				CLANG_WARN_OBJC_ROOT_CLASS = YES_ERROR;
				CLANG_WARN_UNREACHABLE_CODE = YES;
				CLANG_WARN__DUPLICATE_METHOD_MATCH = YES;
				COPY_PHASE_STRIP = NO;
				DEBUG_INFORMATION_FORMAT = dwarf;
				ENABLE_STRICT_OBJC_MSGSEND = YES;
				GCC_C_LANGUAGE_STANDARD = gnu99;
				GCC_DYNAMIC_NO_PIC = NO;
				GCC_NO_COMMON_BLOCKS = YES;
				GCC_OPTIMIZATION_LEVEL = 0;
				GCC_PREPROCESSOR_DEFINITIONS = (
					"DEBUG=1",
					"$(inherited)",
				);
				GCC_SYMBOLS_PRIVATE_EXTERN = NO;
				GCC_WARN_64_TO_32_BIT_CONVERSION = YES;
				GCC_WARN_ABOUT_RETURN_TYPE = YES_ERROR;
				GCC_WARN_UNDECLARED_SELECTOR = YES;
				GCC_WARN_UNINITIALIZED_AUTOS = YES_AGGRESSIVE;
				GCC_WARN_UNUSED_FUNCTION = YES;
				GCC_WARN_UNUSED_VARIABLE = YES;
				MACOSX_DEPLOYMENT_TARGET = 10.10;
				MTL_ENABLE_DEBUG_INFO = YES;
				ONLY_ACTIVE_ARCH = YES;
				SDKROOT = macosx;
			};
			name = Debug;
		};
		5735DCB61B824B820045A5BE /* Release */ = {
			isa = XCBuildConfiguration;
			buildSettings = {
				ALWAYS_SEARCH_USER_PATHS = NO;
				CLANG_CXX_LANGUAGE_STANDARD = "gnu++0x";
				CLANG_CXX_LIBRARY = "libc++";
				CLANG_ENABLE_MODULES = YES;
				CLANG_ENABLE_OBJC_ARC = YES;
				CLANG_WARN_BOOL_CONVERSION = YES;
				CLANG_WARN_CONSTANT_CONVERSION = YES;
				CLANG_WARN_DIRECT_OBJC_ISA_USAGE = YES_ERROR;
				CLANG_WARN_EMPTY_BODY = YES;
				CLANG_WARN_ENUM_CONVERSION = YES;
				CLANG_WARN_INT_CONVERSION = YES;
				CLANG_WARN_OBJC_ROOT_CLASS = YES_ERROR;
				CLANG_WARN_UNREACHABLE_CODE = YES;
				CLANG_WARN__DUPLICATE_METHOD_MATCH = YES;
				COPY_PHASE_STRIP = NO;
				DEBUG_INFORMATION_FORMAT = "dwarf-with-dsym";
				ENABLE_NS_ASSERTIONS = NO;
				ENABLE_STRICT_OBJC_MSGSEND = YES;
				GCC_C_LANGUAGE_STANDARD = gnu99;
				GCC_NO_COMMON_BLOCKS = YES;
				GCC_WARN_64_TO_32_BIT_CONVERSION = YES;
				GCC_WARN_ABOUT_RETURN_TYPE = YES_ERROR;
				GCC_WARN_UNDECLARED_SELECTOR = YES;
				GCC_WARN_UNINITIALIZED_AUTOS = YES_AGGRESSIVE;
				GCC_WARN_UNUSED_FUNCTION = YES;
				GCC_WARN_UNUSED_VARIABLE = YES;
				MACOSX_DEPLOYMENT_TARGET = 10.10;
				MTL_ENABLE_DEBUG_INFO = NO;
				SDKROOT = macosx;
			};
			name = Release;
		};
		5735DCB81B824B820045A5BE /* Debug */ = {
			isa = XCBuildConfiguration;
			buildSettings = {
				PRODUCT_NAME = "$(TARGET_NAME)";
			};
			name = Debug;
		};
		5735DCB91B824B820045A5BE /* Release */ = {
			isa = XCBuildConfiguration;
			buildSettings = {
				PRODUCT_NAME = "$(TARGET_NAME)";
			};
			name = Release;
		};
/* End XCBuildConfiguration section */

/* Begin XCConfigurationList section */
		5735DCAB1B824B820045A5BE /* Build configuration list for PBXProject "QuestionThree" */ = {
			isa = XCConfigurationList;
			buildConfigurations = (
				5735DCB51B824B820045A5BE /* Debug */,
				5735DCB61B824B820045A5BE /* Release */,
			);
			defaultConfigurationIsVisible = 0;
			defaultConfigurationName = Release;
		};
		5735DCB71B824B820045A5BE /* Build configuration list for PBXNativeTarget "QuestionThree" */ = {
			isa = XCConfigurationList;
			buildConfigurations = (
				5735DCB81B824B820045A5BE /* Debug */,
				5735DCB91B824B820045A5BE /* Release */,
			);
			defaultConfigurationIsVisible = 0;
		};
/* End XCConfigurationList section */
	};
	rootObject = 5735DCA81B824B820045A5BE /* Project object */;
}
